
Microsoft Visual Studio Solution File, Format Version 12.00
# Visual Studio 2013
VisualStudioVersion = 12.0.40629.0
MinimumVisualStudioVersion = 10.0.40219.1
Project("{FAE04EC0-301F-11D3-BF4B-00C04F79EFBC}") = "BLETestProgram", "BLETestProgram\BLETestProgram.csproj", "{FF84F5E3-2E87-40A4-AA0B-86827A753729}"
	ProjectSection(ProjectDependencies) = postProject
		{15D121B9-2FE2-4578-899E-5D699CD2F7F0} = {15D121B9-2FE2-4578-899E-5D699CD2F7F0}
	EndProjectSection
EndProject
Project("{54435603-DBB4-11D2-8724-00A0C9A8B90C}") = "Setup", "Setup\Setup.vdproj", "{ED7E5F62-C180-4A06-9377-BD6B814B6657}"
EndProject
Project("{FAE04EC0-301F-11D3-BF4B-00C04F79EFBC}") = "BLEIrDA", "BLEIrDA\BLEIrDA.csproj", "{15D121B9-2FE2-4578-899E-5D699CD2F7F0}"
EndProject
Global
	GlobalSection(SolutionConfigurationPlatforms) = preSolution
		Debug|Any CPU = Debug|Any CPU
		Release|Any CPU = Release|Any CPU
	EndGlobalSection
	GlobalSection(ProjectConfigurationPlatforms) = postSolution
		{FF84F5E3-2E87-40A4-AA0B-86827A753729}.Debug|Any CPU.ActiveCfg = Debug|Any CPU
		{FF84F5E3-2E87-40A4-AA0B-86827A753729}.Debug|Any CPU.Build.0 = Debug|Any CPU
		{FF84F5E3-2E87-40A4-AA0B-86827A753729}.Release|Any CPU.ActiveCfg = Release|Any CPU
		{FF84F5E3-2E87-40A4-AA0B-86827A753729}.Release|Any CPU.Build.0 = Release|Any CPU
		{ED7E5F62-C180-4A06-9377-BD6B814B6657}.Debug|Any CPU.ActiveCfg = Debug
		{ED7E5F62-C180-4A06-9377-BD6B814B6657}.Release|Any CPU.ActiveCfg = Release
		{ED7E5F62-C180-4A06-9377-BD6B814B6657}.Release|Any CPU.Build.0 = Release
		{15D121B9-2FE2-4578-899E-5D699CD2F7F0}.Debug|Any CPU.ActiveCfg = Debug|Any CPU
		{15D121B9-2FE2-4578-899E-5D699CD2F7F0}.Debug|Any CPU.Build.0 = Debug|Any CPU
		{15D121B9-2FE2-4578-899E-5D699CD2F7F0}.Release|Any CPU.ActiveCfg = Release|Any CPU
		{15D121B9-2FE2-4578-899E-5D699CD2F7F0}.Release|Any CPU.Build.0 = Release|Any CPU
	EndGlobalSection
	GlobalSection(SolutionProperties) = preSolution
		HideSolutionNode = FALSE
	EndGlobalSection
EndGlobal
